
Microsoft Visual Studio Solution File, Format Version 12.00
# Visual Studio Version 17
VisualStudioVersion = 17.8.34322.80
MinimumVisualStudioVersion = 10.0.40219.1
Project("{FAE04EC0-301F-11D3-BF4B-00C04F79EFBC}") = "ConsoleApp8", "ConsoleApp8.csproj", "{EE9B5CD8-48B4-4339-8D96-A6E96BE99DBD}"
EndProject
Global
	GlobalSection(SolutionConfigurationPlatforms) = preSolution
		Debug|Any CPU = Debug|Any CPU
		Release|Any CPU = Release|Any CPU
	EndGlobalSection
	GlobalSection(ProjectConfigurationPlatforms) = postSolution
		{EE9B5CD8-48B4-4339-8D96-A6E96BE99DBD}.Debug|Any CPU.ActiveCfg = Debug|Any CPU
		{EE9B5CD8-48B4-4339-8D96-A6E96BE99DBD}.Debug|Any CPU.Build.0 = Debug|Any CPU
		{EE9B5CD8-48B4-4339-8D96-A6E96BE99DBD}.Release|Any CPU.ActiveCfg = Release|Any CPU
		{EE9B5CD8-48B4-4339-8D96-A6E96BE99DBD}.Release|Any CPU.Build.0 = Release|Any CPU
	EndGlobalSection
	GlobalSection(SolutionProperties) = preSolution
		HideSolutionNode = FALSE
	EndGlobalSection
	GlobalSection(ExtensibilityGlobals) = postSolution
		SolutionGuid = {079AD1AA-4F75-4552-B795-96762D4A3CC4}
	EndGlobalSection
EndGlobal
